// !$*UTF8*$!
{
	archiveVersion = 1;
	classes = {
	};
	objectVersion = 50;
	objects = {

/* Begin PBXBuildFile section */
		7E0570C721B8C5E20077878F /* AppDelegate.swift in Sources */ = {isa = PBXBuildFile; fileRef = 7E0570C621B8C5E20077878F /* AppDelegate.swift */; };
		7E0570C921B8C5E20077878F /* ViewController.swift in Sources */ = {isa = PBXBuildFile; fileRef = 7E0570C821B8C5E20077878F /* ViewController.swift */; };
		7E0570CC21B8C5E20077878F /* Main.storyboard in Resources */ = {isa = PBXBuildFile; fileRef = 7E0570CA21B8C5E20077878F /* Main.storyboard */; };
		7E0570CE21B8C5E40077878F /* Assets.xcassets in Resources */ = {isa = PBXBuildFile; fileRef = 7E0570CD21B8C5E40077878F /* Assets.xcassets */; };
		7E0570D121B8C5E40077878F /* LaunchScreen.storyboard in Resources */ = {isa = PBXBuildFile; fileRef = 7E0570CF21B8C5E40077878F /* LaunchScreen.storyboard */; };
		7E0570DC21B8C5E40077878F /* GitUseExampleTests.swift in Sources */ = {isa = PBXBuildFile; fileRef = 7E0570DB21B8C5E40077878F /* GitUseExampleTests.swift */; };
		7E0570E721B8C5E40077878F /* GitUseExampleUITests.swift in Sources */ = {isa = PBXBuildFile; fileRef = 7E0570E621B8C5E40077878F /* GitUseExampleUITests.swift */; };
/* End PBXBuildFile section */

/* Begin PBXContainerItemProxy section */
		7E0570D821B8C5E40077878F /* PBXContainerItemProxy */ = {
			isa = PBXContainerItemProxy;
			containerPortal = 7E0570BB21B8C5E20077878F /* Project object */;
			proxyType = 1;
			remoteGlobalIDString = 7E0570C221B8C5E20077878F;
			remoteInfo = GitUseExample;
		};
		7E0570E321B8C5E40077878F /* PBXContainerItemProxy */ = {
			isa = PBXContainerItemProxy;
			containerPortal = 7E0570BB21B8C5E20077878F /* Project object */;
			proxyType = 1;
			remoteGlobalIDString = 7E0570C221B8C5E20077878F;
			remoteInfo = GitUseExample;
		};
/* End PBXContainerItemProxy section */

/* Begin PBXFileReference section */
		7E0570C321B8C5E20077878F /* GitUseExample.app */ = {isa = PBXFileReference; explicitFileType = wrapper.application; includeInIndex = 0; path = GitUseExample.app; sourceTree = BUILT_PRODUCTS_DIR; };
		7E0570C621B8C5E20077878F /* AppDelegate.swift */ = {isa = PBXFileReference; lastKnownFileType = sourcecode.swift; path = AppDelegate.swift; sourceTree = "<group>"; };
		7E0570C821B8C5E20077878F /* ViewController.swift */ = {isa = PBXFileReference; lastKnownFileType = sourcecode.swift; path = ViewController.swift; sourceTree = "<group>"; };
		7E0570CB21B8C5E20077878F /* Base */ = {isa = PBXFileReference; lastKnownFileType = file.storyboard; name = Base; path = Base.lproj/Main.storyboard; sourceTree = "<group>"; };
		7E0570CD21B8C5E40077878F /* Assets.xcassets */ = {isa = PBXFileReference; lastKnownFileType = folder.assetcatalog; path = Assets.xcassets; sourceTree = "<group>"; };
		7E0570D021B8C5E40077878F /* Base */ = {isa = PBXFileReference; lastKnownFileType = file.storyboard; name = Base; path = Base.lproj/LaunchScreen.storyboard; sourceTree = "<group>"; };
		7E0570D221B8C5E40077878F /* Info.plist */ = {isa = PBXFileReference; lastKnownFileType = text.plist.xml; path = Info.plist; sourceTree = "<group>"; };
		7E0570D721B8C5E40077878F /* GitUseExampleTests.xctest */ = {isa = PBXFileReference; explicitFileType = wrapper.cfbundle; includeInIndex = 0; path = GitUseExampleTests.xctest; sourceTree = BUILT_PRODUCTS_DIR; };
		7E0570DB21B8C5E40077878F /* GitUseExampleTests.swift */ = {isa = PBXFileReference; lastKnownFileType = sourcecode.swift; path = GitUseExampleTests.swift; sourceTree = "<group>"; };
		7E0570DD21B8C5E40077878F /* Info.plist */ = {isa = PBXFileReference; lastKnownFileType = text.plist.xml; path = Info.plist; sourceTree = "<group>"; };
		7E0570E221B8C5E40077878F /* GitUseExampleUITests.xctest */ = {isa = PBXFileReference; explicitFileType = wrapper.cfbundle; includeInIndex = 0; path = GitUseExampleUITests.xctest; sourceTree = BUILT_PRODUCTS_DIR; };
		7E0570E621B8C5E40077878F /* GitUseExampleUITests.swift */ = {isa = PBXFileReference; lastKnownFileType = sourcecode.swift; path = GitUseExampleUITests.swift; sourceTree = "<group>"; };
		7E0570E821B8C5E40077878F /* Info.plist */ = {isa = PBXFileReference; lastKnownFileType = text.plist.xml; path = Info.plist; sourceTree = "<group>"; };
/* End PBXFileReference section */

/* Begin PBXFrameworksBuildPhase section */
		7E0570C021B8C5E20077878F /* Frameworks */ = {
			isa = PBXFrameworksBuildPhase;
			buildActionMask = 2147483647;
			files = (
			);
			runOnlyForDeploymentPostprocessing = 0;
		};
		7E0570D421B8C5E40077878F /* Frameworks */ = {
			isa = PBXFrameworksBuildPhase;
			buildActionMask = 2147483647;
			files = (
			);
			runOnlyForDeploymentPostprocessing = 0;
		};
		7E0570DF21B8C5E40077878F /* Frameworks */ = {
			isa = PBXFrameworksBuildPhase;
			buildActionMask = 2147483647;
			files = (
			);
			runOnlyForDeploymentPostprocessing = 0;
		};
/* End PBXFrameworksBuildPhase section */

/* Begin PBXGroup section */
		7E0570BA21B8C5E20077878F = {
			isa = PBXGroup;
			children = (
				7E0570C521B8C5E20077878F /* GitUseExample */,
				7E0570DA21B8C5E40077878F /* GitUseExampleTests */,
				7E0570E521B8C5E40077878F /* GitUseExampleUITests */,
				7E0570C421B8C5E20077878F /* Products */,
			);
			sourceTree = "<group>";
		};
		7E0570C421B8C5E20077878F /* Products */ = {
			isa = PBXGroup;
			children = (
				7E0570C321B8C5E20077878F /* GitUseExample.app */,
				7E0570D721B8C5E40077878F /* GitUseExampleTests.xctest */,
				7E0570E221B8C5E40077878F /* GitUseExampleUITests.xctest */,
			);
			name = Products;
			sourceTree = "<group>";
		};
		7E0570C521B8C5E20077878F /* GitUseExample */ = {
			isa = PBXGroup;
			children = (
				7E0570C621B8C5E20077878F /* AppDelegate.swift */,
				7E0570C821B8C5E20077878F /* ViewController.swift */,
				7E0570CA21B8C5E20077878F /* Main.storyboard */,
				7E0570CD21B8C5E40077878F /* Assets.xcassets */,
				7E0570CF21B8C5E40077878F /* LaunchScreen.storyboard */,
				7E0570D221B8C5E40077878F /* Info.plist */,
			);
			path = GitUseExample;
			sourceTree = "<group>";
		};
		7E0570DA21B8C5E40077878F /* GitUseExampleTests */ = {
			isa = PBXGroup;
			children = (
				7E0570DB21B8C5E40077878F /* GitUseExampleTests.swift */,
				7E0570DD21B8C5E40077878F /* Info.plist */,
			);
			path = GitUseExampleTests;
			sourceTree = "<group>";
		};
		7E0570E521B8C5E40077878F /* GitUseExampleUITests */ = {
			isa = PBXGroup;
			children = (
				7E0570E621B8C5E40077878F /* GitUseExampleUITests.swift */,
				7E0570E821B8C5E40077878F /* Info.plist */,
			);
			path = GitUseExampleUITests;
			sourceTree = "<group>";
		};
/* End PBXGroup section */

/* Begin PBXNativeTarget section */
		7E0570C221B8C5E20077878F /* GitUseExample */ = {
			isa = PBXNativeTarget;
			buildConfigurationList = 7E0570EB21B8C5E40077878F /* Build configuration list for PBXNativeTarget "GitUseExample" */;
			buildPhases = (
				7E0570BF21B8C5E20077878F /* Sources */,
				7E0570C021B8C5E20077878F /* Frameworks */,
				7E0570C121B8C5E20077878F /* Resources */,
			);
			buildRules = (
			);
			dependencies = (
			);
			name = GitUseExample;
			productName = GitUseExample;
			productReference = 7E0570C321B8C5E20077878F /* GitUseExample.app */;
			productType = "com.apple.product-type.application";
		};
		7E0570D621B8C5E40077878F /* GitUseExampleTests */ = {
			isa = PBXNativeTarget;
			buildConfigurationList = 7E0570EE21B8C5E40077878F /* Build configuration list for PBXNativeTarget "GitUseExampleTests" */;
			buildPhases = (
				7E0570D321B8C5E40077878F /* Sources */,
				7E0570D421B8C5E40077878F /* Frameworks */,
				7E0570D521B8C5E40077878F /* Resources */,
			);
			buildRules = (
			);
			dependencies = (
				7E0570D921B8C5E40077878F /* PBXTargetDependency */,
			);
			name = GitUseExampleTests;
			productName = GitUseExampleTests;
			productReference = 7E0570D721B8C5E40077878F /* GitUseExampleTests.xctest */;
			productType = "com.apple.product-type.bundle.unit-test";
		};
		7E0570E121B8C5E40077878F /* GitUseExampleUITests */ = {
			isa = PBXNativeTarget;
			buildConfigurationList = 7E0570F121B8C5E40077878F /* Build configuration list for PBXNativeTarget "GitUseExampleUITests" */;
			buildPhases = (
				7E0570DE21B8C5E40077878F /* Sources */,
				7E0570DF21B8C5E40077878F /* Frameworks */,
				7E0570E021B8C5E40077878F /* Resources */,
			);
			buildRules = (
			);
			dependencies = (
				7E0570E421B8C5E40077878F /* PBXTargetDependency */,
			);
			name = GitUseExampleUITests;
			productName = GitUseExampleUITests;
			productReference = 7E0570E221B8C5E40077878F /* GitUseExampleUITests.xctest */;
			productType = "com.apple.product-type.bundle.ui-testing";
		};
/* End PBXNativeTarget section */

/* Begin PBXProject section */
		7E0570BB21B8C5E20077878F /* Project object */ = {
			isa = PBXProject;
			attributes = {
				LastSwiftUpdateCheck = 1010;
				LastUpgradeCheck = 1010;
				ORGANIZATIONNAME = Frank;
				TargetAttributes = {
					7E0570C221B8C5E20077878F = {
						CreatedOnToolsVersion = 10.1;
					};
					7E0570D621B8C5E40077878F = {
						CreatedOnToolsVersion = 10.1;
						TestTargetID = 7E0570C221B8C5E20077878F;
					};
					7E0570E121B8C5E40077878F = {
						CreatedOnToolsVersion = 10.1;
						TestTargetID = 7E0570C221B8C5E20077878F;
					};
				};
			};
			buildConfigurationList = 7E0570BE21B8C5E20077878F /* Build configuration list for PBXProject "GitUseExample" */;
			compatibilityVersion = "Xcode 9.3";
			developmentRegion = en;
			hasScannedForEncodings = 0;
			knownRegions = (
				en,
				Base,
			);
			mainGroup = 7E0570BA21B8C5E20077878F;
			productRefGroup = 7E0570C421B8C5E20077878F /* Products */;
			projectDirPath = "";
			projectRoot = "";
			targets = (
				7E0570C221B8C5E20077878F /* GitUseExample */,
				7E0570D621B8C5E40077878F /* GitUseExampleTests */,
				7E0570E121B8C5E40077878F /* GitUseExampleUITests */,
			);
		};
/* End PBXProject section */

/* Begin PBXResourcesBuildPhase section */
		7E0570C121B8C5E20077878F /* Resources */ = {
			isa = PBXResourcesBuildPhase;
			buildActionMask = 2147483647;
			files = (
				7E0570D121B8C5E40077878F /* LaunchScreen.storyboard in Resources */,
				7E0570CE21B8C5E40077878F /* Assets.xcassets in Resources */,
				7E0570CC21B8C5E20077878F /* Main.storyboard in Resources */,
			);
			runOnlyForDeploymentPostprocessing = 0;
		};
		7E0570D521B8C5E40077878F /* Resources */ = {
			isa = PBXResourcesBuildPhase;
			buildActionMask = 2147483647;
			files = (
			);
			runOnlyForDeploymentPostprocessing = 0;
		};
		7E0570E021B8C5E40077878F /* Resources */ = {
			isa = PBXResourcesBuildPhase;
			buildActionMask = 2147483647;
			files = (
			);
			runOnlyForDeploymentPostprocessing = 0;
		};
/* End PBXResourcesBuildPhase section */

/* Begin PBXSourcesBuildPhase section */
		7E0570BF21B8C5E20077878F /* Sources */ = {
			isa = PBXSourcesBuildPhase;
			buildActionMask = 2147483647;
			files = (
				7E0570C921B8C5E20077878F /* ViewController.swift in Sources */,
				7E0570C721B8C5E20077878F /* AppDelegate.swift in Sources */,
			);
			runOnlyForDeploymentPostprocessing = 0;
		};
		7E0570D321B8C5E40077878F /* Sources */ = {
			isa = PBXSourcesBuildPhase;
			buildActionMask = 2147483647;
			files = (
				7E0570DC21B8C5E40077878F /* GitUseExampleTests.swift in Sources */,
			);
			runOnlyForDeploymentPostprocessing = 0;
		};
		7E0570DE21B8C5E40077878F /* Sources */ = {
			isa = PBXSourcesBuildPhase;
			buildActionMask = 2147483647;
			files = (
				7E0570E721B8C5E40077878F /* GitUseExampleUITests.swift in Sources */,
			);
			runOnlyForDeploymentPostprocessing = 0;
		};
/* End PBXSourcesBuildPhase section */

/* Begin PBXTargetDependency section */
		7E0570D921B8C5E40077878F /* PBXTargetDependency */ = {
			isa = PBXTargetDependency;
			target = 7E0570C221B8C5E20077878F /* GitUseExample */;
			targetProxy = 7E0570D821B8C5E40077878F /* PBXContainerItemProxy */;
		};
		7E0570E421B8C5E40077878F /* PBXTargetDependency */ = {
			isa = PBXTargetDependency;
			target = 7E0570C221B8C5E20077878F /* GitUseExample */;
			targetProxy = 7E0570E321B8C5E40077878F /* PBXContainerItemProxy */;
		};
/* End PBXTargetDependency section */

/* Begin PBXVariantGroup section */
		7E0570CA21B8C5E20077878F /* Main.storyboard */ = {
			isa = PBXVariantGroup;
			children = (
				7E0570CB21B8C5E20077878F /* Base */,
			);
			name = Main.storyboard;
			sourceTree = "<group>";
		};
		7E0570CF21B8C5E40077878F /* LaunchScreen.storyboard */ = {
			isa = PBXVariantGroup;
			children = (
				7E0570D021B8C5E40077878F /* Base */,
			);
			name = LaunchScreen.storyboard;
			sourceTree = "<group>";
		};
/* End PBXVariantGroup section */

/* Begin XCBuildConfiguration section */
		7E0570E921B8C5E40077878F /* Debug */ = {
			isa = XCBuildConfiguration;
			buildSettings = {
				ALWAYS_SEARCH_USER_PATHS = NO;
				CLANG_ANALYZER_NONNULL = YES;
				CLANG_ANALYZER_NUMBER_OBJECT_CONVERSION = YES_AGGRESSIVE;
				CLANG_CXX_LANGUAGE_STANDARD = "gnu++14";
				CLANG_CXX_LIBRARY = "libc++";
				CLANG_ENABLE_MODULES = YES;
				CLANG_ENABLE_OBJC_ARC = YES;
				CLANG_ENABLE_OBJC_WEAK = YES;
				CLANG_WARN_BLOCK_CAPTURE_AUTORELEASING = YES;
				CLANG_WARN_BOOL_CONVERSION = YES;
				CLANG_WARN_COMMA = YES;
				CLANG_WARN_CONSTANT_CONVERSION = YES;
				CLANG_WARN_DEPRECATED_OBJC_IMPLEMENTATIONS = YES;
				CLANG_WARN_DIRECT_OBJC_ISA_USAGE = YES_ERROR;
				CLANG_WARN_DOCUMENTATION_COMMENTS = YES;
				CLANG_WARN_EMPTY_BODY = YES;
				CLANG_WARN_ENUM_CONVERSION = YES;
				CLANG_WARN_INFINITE_RECURSION = YES;
				CLANG_WARN_INT_CONVERSION = YES;
				CLANG_WARN_NON_LITERAL_NULL_CONVERSION = YES;
				CLANG_WARN_OBJC_IMPLICIT_RETAIN_SELF = YES;
				CLANG_WARN_OBJC_LITERAL_CONVERSION = YES;
				CLANG_WARN_OBJC_ROOT_CLASS = YES_ERROR;
				CLANG_WARN_RANGE_LOOP_ANALYSIS = YES;
				CLANG_WARN_STRICT_PROTOTYPES = YES;
				CLANG_WARN_SUSPICIOUS_MOVE = YES;
				CLANG_WARN_UNGUARDED_AVAILABILITY = YES_AGGRESSIVE;
				CLANG_WARN_UNREACHABLE_CODE = YES;
				CLANG_WARN__DUPLICATE_METHOD_MATCH = YES;
				CODE_SIGN_IDENTITY = "iPhone Developer";
				COPY_PHASE_STRIP = NO;
				DEBUG_INFORMATION_FORMAT = dwarf;
				ENABLE_STRICT_OBJC_MSGSEND = YES;
				ENABLE_TESTABILITY = YES;
				GCC_C_LANGUAGE_STANDARD = gnu11;
				GCC_DYNAMIC_NO_PIC = NO;
				GCC_NO_COMMON_BLOCKS = YES;
				GCC_OPTIMIZATION_LEVEL = 0;
				GCC_PREPROCESSOR_DEFINITIONS = (
					"DEBUG=1",
					"$(inherited)",
				);
				GCC_WARN_64_TO_32_BIT_CONVERSION = YES;
				GCC_WARN_ABOUT_RETURN_TYPE = YES_ERROR;
				GCC_WARN_UNDECLARED_SELECTOR = YES;
				GCC_WARN_UNINITIALIZED_AUTOS = YES_AGGRESSIVE;
				GCC_WARN_UNUSED_FUNCTION = YES;
				GCC_WARN_UNUSED_VARIABLE = YES;
				IPHONEOS_DEPLOYMENT_TARGET = 12.1;
				MTL_ENABLE_DEBUG_INFO = INCLUDE_SOURCE;
				MTL_FAST_MATH = YES;
				ONLY_ACTIVE_ARCH = YES;
				SDKROOT = iphoneos;
				SWIFT_ACTIVE_COMPILATION_CONDITIONS = DEBUG;
				SWIFT_OPTIMIZATION_LEVEL = "-Onone";
			};
			name = Debug;
		};
		7E0570EA21B8C5E40077878F /* Release */ = {
			isa = XCBuildConfiguration;
			buildSettings = {
				ALWAYS_SEARCH_USER_PATHS = NO;
				CLANG_ANALYZER_NONNULL = YES;
				CLANG_ANALYZER_NUMBER_OBJECT_CONVERSION = YES_AGGRESSIVE;
				CLANG_CXX_LANGUAGE_STANDARD = "gnu++14";
				CLANG_CXX_LIBRARY = "libc++";
				CLANG_ENABLE_MODULES = YES;
				CLANG_ENABLE_OBJC_ARC = YES;
				CLANG_ENABLE_OBJC_WEAK = YES;
				CLANG_WARN_BLOCK_CAPTURE_AUTORELEASING = YES;
				CLANG_WARN_BOOL_CONVERSION = YES;
				CLANG_WARN_COMMA = YES;
				CLANG_WARN_CONSTANT_CONVERSION = YES;
				CLANG_WARN_DEPRECATED_OBJC_IMPLEMENTATIONS = YES;
				CLANG_WARN_DIRECT_OBJC_ISA_USAGE = YES_ERROR;
				CLANG_WARN_DOCUMENTATION_COMMENTS = YES;
				CLANG_WARN_EMPTY_BODY = YES;
				CLANG_WARN_ENUM_CONVERSION = YES;
				CLANG_WARN_INFINITE_RECURSION = YES;
				CLANG_WARN_INT_CONVERSION = YES;
				CLANG_WARN_NON_LITERAL_NULL_CONVERSION = YES;
				CLANG_WARN_OBJC_IMPLICIT_RETAIN_SELF = YES;
				CLANG_WARN_OBJC_LITERAL_CONVERSION = YES;
				CLANG_WARN_OBJC_ROOT_CLASS = YES_ERROR;
				CLANG_WARN_RANGE_LOOP_ANALYSIS = YES;
				CLANG_WARN_STRICT_PROTOTYPES = YES;
				CLANG_WARN_SUSPICIOUS_MOVE = YES;
				CLANG_WARN_UNGUARDED_AVAILABILITY = YES_AGGRESSIVE;
				CLANG_WARN_UNREACHABLE_CODE = YES;
				CLANG_WARN__DUPLICATE_METHOD_MATCH = YES;
				CODE_SIGN_IDENTITY = "iPhone Developer";
				COPY_PHASE_STRIP = NO;
				DEBUG_INFORMATION_FORMAT = "dwarf-with-dsym";
				ENABLE_NS_ASSERTIONS = NO;
				ENABLE_STRICT_OBJC_MSGSEND = YES;
				GCC_C_LANGUAGE_STANDARD = gnu11;
				GCC_NO_COMMON_BLOCKS = YES;
				GCC_WARN_64_TO_32_BIT_CONVERSION = YES;
				GCC_WARN_ABOUT_RETURN_TYPE = YES_ERROR;
				GCC_WARN_UNDECLARED_SELECTOR = YES;
				GCC_WARN_UNINITIALIZED_AUTOS = YES_AGGRESSIVE;
				GCC_WARN_UNUSED_FUNCTION = YES;
				GCC_WARN_UNUSED_VARIABLE = YES;
				IPHONEOS_DEPLOYMENT_TARGET = 12.1;
				MTL_ENABLE_DEBUG_INFO = NO;
				MTL_FAST_MATH = YES;
				SDKROOT = iphoneos;
				SWIFT_COMPILATION_MODE = wholemodule;
				SWIFT_OPTIMIZATION_LEVEL = "-O";
				VALIDATE_PRODUCT = YES;
			};
			name = Release;
		};
		7E0570EC21B8C5E40077878F /* Debug */ = {
			isa = XCBuildConfiguration;
			buildSettings = {
				ASSETCATALOG_COMPILER_APPICON_NAME = AppIcon;
				CODE_SIGN_STYLE = Automatic;
				DEVELOPMENT_TEAM = 3MLN3Q39SR;
				INFOPLIST_FILE = GitUseExample/Info.plist;
				LD_RUNPATH_SEARCH_PATHS = (
					"$(inherited)",
					"@executable_path/Frameworks",
				);
				PRODUCT_BUNDLE_IDENTIFIER = com.Frank.GitUseExample;
				PRODUCT_NAME = "$(TARGET_NAME)";
				SWIFT_VERSION = 4.2;
				TARGETED_DEVICE_FAMILY = "1,2";
			};
			name = Debug;
		};
		7E0570ED21B8C5E40077878F /* Release */ = {
			isa = XCBuildConfiguration;
			buildSettings = {
				ASSETCATALOG_COMPILER_APPICON_NAME = AppIcon;
				CODE_SIGN_STYLE = Automatic;
				DEVELOPMENT_TEAM = 3MLN3Q39SR;
				INFOPLIST_FILE = GitUseExample/Info.plist;
				LD_RUNPATH_SEARCH_PATHS = (
					"$(inherited)",
					"@executable_path/Frameworks",
				);
				PRODUCT_BUNDLE_IDENTIFIER = com.Frank.GitUseExample;
				PRODUCT_NAME = "$(TARGET_NAME)";
				SWIFT_VERSION = 4.2;
				TARGETED_DEVICE_FAMILY = "1,2";
			};
			name = Release;
		};
		7E0570EF21B8C5E40077878F /* Debug */ = {
			isa = XCBuildConfiguration;
			buildSettings = {
				ALWAYS_EMBED_SWIFT_STANDARD_LIBRARIES = YES;
				BUNDLE_LOADER = "$(TEST_HOST)";
				CODE_SIGN_STYLE = Automatic;
				DEVELOPMENT_TEAM = 3MLN3Q39SR;
				INFOPLIST_FILE = GitUseExampleTests/Info.plist;
				LD_RUNPATH_SEARCH_PATHS = (
					"$(inherited)",
					"@executable_path/Frameworks",
					"@loader_path/Frameworks",
				);
				PRODUCT_BUNDLE_IDENTIFIER = com.Frank.GitUseExampleTests;
				PRODUCT_NAME = "$(TARGET_NAME)";
				SWIFT_VERSION = 4.2;
				TARGETED_DEVICE_FAMILY = "1,2";
				TEST_HOST = "$(BUILT_PRODUCTS_DIR)/GitUseExample.app/GitUseExample";
			};
			name = Debug;
		};
		7E0570F021B8C5E40077878F /* Release */ = {
			isa = XCBuildConfiguration;
			buildSettings = {
				ALWAYS_EMBED_SWIFT_STANDARD_LIBRARIES = YES;
				BUNDLE_LOADER = "$(TEST_HOST)";
				CODE_SIGN_STYLE = Automatic;
				DEVELOPMENT_TEAM = 3MLN3Q39SR;
				INFOPLIST_FILE = GitUseExampleTests/Info.plist;
				LD_RUNPATH_SEARCH_PATHS = (
					"$(inherited)",
					"@executable_path/Frameworks",
					"@loader_path/Frameworks",
				);
				PRODUCT_BUNDLE_IDENTIFIER = com.Frank.GitUseExampleTests;
				PRODUCT_NAME = "$(TARGET_NAME)";
				SWIFT_VERSION = 4.2;
				TARGETED_DEVICE_FAMILY = "1,2";
				TEST_HOST = "$(BUILT_PRODUCTS_DIR)/GitUseExample.app/GitUseExample";
			};
			name = Release;
		};
		7E0570F221B8C5E40077878F /* Debug */ = {
			isa = XCBuildConfiguration;
			buildSettings = {
				ALWAYS_EMBED_SWIFT_STANDARD_LIBRARIES = YES;
				CODE_SIGN_STYLE = Automatic;
				DEVELOPMENT_TEAM = 3MLN3Q39SR;
				INFOPLIST_FILE = GitUseExampleUITests/Info.plist;
				LD_RUNPATH_SEARCH_PATHS = (
					"$(inherited)",
					"@executable_path/Frameworks",
					"@loader_path/Frameworks",
				);
				PRODUCT_BUNDLE_IDENTIFIER = com.Frank.GitUseExampleUITests;
				PRODUCT_NAME = "$(TARGET_NAME)";
				SWIFT_VERSION = 4.2;
				TARGETED_DEVICE_FAMILY = "1,2";
				TEST_TARGET_NAME = GitUseExample;
			};
			name = Debug;
		};
		7E0570F321B8C5E40077878F /* Release */ = {
			isa = XCBuildConfiguration;
			buildSettings = {
				ALWAYS_EMBED_SWIFT_STANDARD_LIBRARIES = YES;
				CODE_SIGN_STYLE = Automatic;
				DEVELOPMENT_TEAM = 3MLN3Q39SR;
				INFOPLIST_FILE = GitUseExampleUITests/Info.plist;
				LD_RUNPATH_SEARCH_PATHS = (
					"$(inherited)",
					"@executable_path/Frameworks",
					"@loader_path/Frameworks",
				);
				PRODUCT_BUNDLE_IDENTIFIER = com.Frank.GitUseExampleUITests;
				PRODUCT_NAME = "$(TARGET_NAME)";
				SWIFT_VERSION = 4.2;
				TARGETED_DEVICE_FAMILY = "1,2";
				TEST_TARGET_NAME = GitUseExample;
			};
			name = Release;
		};
/* End XCBuildConfiguration section */

/* Begin XCConfigurationList section */
		7E0570BE21B8C5E20077878F /* Build configuration list for PBXProject "GitUseExample" */ = {
			isa = XCConfigurationList;
			buildConfigurations = (
				7E0570E921B8C5E40077878F /* Debug */,
				7E0570EA21B8C5E40077878F /* Release */,
			);
			defaultConfigurationIsVisible = 0;
			defaultConfigurationName = Release;
		};
		7E0570EB21B8C5E40077878F /* Build configuration list for PBXNativeTarget "GitUseExample" */ = {
			isa = XCConfigurationList;
			buildConfigurations = (
				7E0570EC21B8C5E40077878F /* Debug */,
				7E0570ED21B8C5E40077878F /* Release */,
			);
			defaultConfigurationIsVisible = 0;
			defaultConfigurationName = Release;
		};
		7E0570EE21B8C5E40077878F /* Build configuration list for PBXNativeTarget "GitUseExampleTests" */ = {
			isa = XCConfigurationList;
			buildConfigurations = (
				7E0570EF21B8C5E40077878F /* Debug */,
				7E0570F021B8C5E40077878F /* Release */,
			);
			defaultConfigurationIsVisible = 0;
			defaultConfigurationName = Release;
		};
		7E0570F121B8C5E40077878F /* Build configuration list for PBXNativeTarget "GitUseExampleUITests" */ = {
			isa = XCConfigurationList;
			buildConfigurations = (
				7E0570F221B8C5E40077878F /* Debug */,
				7E0570F321B8C5E40077878F /* Release */,
			);
			defaultConfigurationIsVisible = 0;
			defaultConfigurationName = Release;
		};
/* End XCConfigurationList section */
	};
	rootObject = 7E0570BB21B8C5E20077878F /* Project object */;
}
